
Microsoft Visual Studio Solution File, Format Version 12.00
# Visual Studio Version 16
VisualStudioVersion = 16.0.31702.278
MinimumVisualStudioVersion = 10.0.40219.1
Project("{FAE04EC0-301F-11D3-BF4B-00C04F79EFBC}") = "3dxws.dotnet.samples.ein", "3dxws.dotnet.samples.ein\3dxws.dotnet.samples.ein.csproj", "{74D379FA-BF5F-4288-9B59-4324AFFAB916}"
EndProject
Global
	GlobalSection(SolutionConfigurationPlatforms) = preSolution
		Debug|Any CPU = Debug|Any CPU
		Release|Any CPU = Release|Any CPU
	EndGlobalSection
	GlobalSection(ProjectConfigurationPlatforms) = postSolution
		{74D379FA-BF5F-4288-9B59-4324AFFAB916}.Debug|Any CPU.ActiveCfg = Debug|Any CPU
		{74D379FA-BF5F-4288-9B59-4324AFFAB916}.Debug|Any CPU.Build.0 = Debug|Any CPU
		{74D379FA-BF5F-4288-9B59-4324AFFAB916}.Release|Any CPU.ActiveCfg = Release|Any CPU
		{74D379FA-BF5F-4288-9B59-4324AFFAB916}.Release|Any CPU.Build.0 = Release|Any CPU
	EndGlobalSection
	GlobalSection(SolutionProperties) = preSolution
		HideSolutionNode = FALSE
	EndGlobalSection
	GlobalSection(ExtensibilityGlobals) = postSolution
		SolutionGuid = {93228EE6-EC61-4BEE-A318-86FE2CB6443A}
	EndGlobalSection
EndGlobal
