
Microsoft Visual Studio Solution File, Format Version 12.00
# Visual Studio Version 17
VisualStudioVersion = 17.6.33723.286
MinimumVisualStudioVersion = 10.0.40219.1
Project("{9A19103F-16F7-4668-BE54-9A1E7A4F7556}") = "3dxws.dotnet.samples.ein", "3dxws.dotnet.samples.ein\3dxws.dotnet.samples.ein.csproj", "{FCFFFF22-C268-4415-A6A9-BB3C260BA61C}"
EndProject
Project("{FAE04EC0-301F-11D3-BF4B-00C04F79EFBC}") = "3dxws.dotnet.samples.search", "3dxws.dotnet.samples.search\3dxws.dotnet.samples.search.csproj", "{4626FF74-A1D4-40AE-847D-8E98D1658396}"
EndProject
Project("{9A19103F-16F7-4668-BE54-9A1E7A4F7556}") = "3dxws.dotnet.samples.docs", "3dxws.dotnet.samples.docs\3dxws.dotnet.samples.docs.csproj", "{FEFBCFB5-DD5F-4952-A25B-BE45C60B3909}"
EndProject
Project("{2150E333-8FDC-42A3-9474-1A3956D46DE8}") = "Solution Items", "Solution Items", "{C8435230-A4BF-4F4A-86D6-E44B2AD01F04}"
EndProject
Project("{9A19103F-16F7-4668-BE54-9A1E7A4F7556}") = "3dxws.dotnet.samples.console.attachdoc", "3dxws.dotnet.samples.console.attachdoc\3dxws.dotnet.samples.console.attachdoc.csproj", "{B8ABC2E8-88EC-4775-8931-2BAE7103CFFE}"
EndProject
Global
	GlobalSection(SolutionConfigurationPlatforms) = preSolution
		Debug|Any CPU = Debug|Any CPU
		Release|Any CPU = Release|Any CPU
	EndGlobalSection
	GlobalSection(ProjectConfigurationPlatforms) = postSolution
		{FCFFFF22-C268-4415-A6A9-BB3C260BA61C}.Debug|Any CPU.ActiveCfg = Debug|Any CPU
		{FCFFFF22-C268-4415-A6A9-BB3C260BA61C}.Debug|Any CPU.Build.0 = Debug|Any CPU
		{FCFFFF22-C268-4415-A6A9-BB3C260BA61C}.Release|Any CPU.ActiveCfg = Release|Any CPU
		{FCFFFF22-C268-4415-A6A9-BB3C260BA61C}.Release|Any CPU.Build.0 = Release|Any CPU
		{4626FF74-A1D4-40AE-847D-8E98D1658396}.Debug|Any CPU.ActiveCfg = Debug|Any CPU
		{4626FF74-A1D4-40AE-847D-8E98D1658396}.Debug|Any CPU.Build.0 = Debug|Any CPU
		{4626FF74-A1D4-40AE-847D-8E98D1658396}.Release|Any CPU.ActiveCfg = Release|Any CPU
		{4626FF74-A1D4-40AE-847D-8E98D1658396}.Release|Any CPU.Build.0 = Release|Any CPU
		{FEFBCFB5-DD5F-4952-A25B-BE45C60B3909}.Debug|Any CPU.ActiveCfg = Debug|Any CPU
		{FEFBCFB5-DD5F-4952-A25B-BE45C60B3909}.Debug|Any CPU.Build.0 = Debug|Any CPU
		{FEFBCFB5-DD5F-4952-A25B-BE45C60B3909}.Release|Any CPU.ActiveCfg = Release|Any CPU
		{FEFBCFB5-DD5F-4952-A25B-BE45C60B3909}.Release|Any CPU.Build.0 = Release|Any CPU
		{B8ABC2E8-88EC-4775-8931-2BAE7103CFFE}.Debug|Any CPU.ActiveCfg = Debug|Any CPU
		{B8ABC2E8-88EC-4775-8931-2BAE7103CFFE}.Debug|Any CPU.Build.0 = Debug|Any CPU
		{B8ABC2E8-88EC-4775-8931-2BAE7103CFFE}.Release|Any CPU.ActiveCfg = Release|Any CPU
		{B8ABC2E8-88EC-4775-8931-2BAE7103CFFE}.Release|Any CPU.Build.0 = Release|Any CPU
	EndGlobalSection
	GlobalSection(SolutionProperties) = preSolution
		HideSolutionNode = FALSE
	EndGlobalSection
	GlobalSection(ExtensibilityGlobals) = postSolution
		SolutionGuid = {AE1D3CB2-3DD1-45F1-8BE6-67B1B85D3355}
	EndGlobalSection
EndGlobal
